
Microsoft Visual Studio Solution File, Format Version 12.00
# Visual Studio 15
VisualStudioVersion = 15.0.27004.2002
MinimumVisualStudioVersion = 10.0.40219.1
Project("{FAE04EC0-301F-11D3-BF4B-00C04F79EFBC}") = "Linlin-Han_Lab05_Ex01", "Linlin-Han_Lab05_Ex01\Linlin-Han_Lab05_Ex01.csproj", "{12FECE75-F3E5-4770-BE21-3B7EB4D6A6D0}"
EndProject
Project("{FAE04EC0-301F-11D3-BF4B-00C04F79EFBC}") = "Linlin-Han_Lab05_Ex02", "Linlin-Han_Lab05_Ex02\Linlin-Han_Lab05_Ex02.csproj", "{28C6FD1A-5C36-4E23-BAED-831DA8B8EA8B}"
EndProject
Project("{FAE04EC0-301F-11D3-BF4B-00C04F79EFBC}") = "Linlin-Han_Lab05_Ex03", "Linlin-Han_Lab05_Ex03\Linlin-Han_Lab05_Ex03.csproj", "{6DE29C91-1FDD-49B8-863E-9AE37B7511FC}"
EndProject
Project("{FAE04EC0-301F-11D3-BF4B-00C04F79EFBC}") = "Linlin-Han_Lab05_Ex04", "Linlin-Han_Lab05_Ex04\Linlin-Han_Lab05_Ex04.csproj", "{84D2BD27-FE8B-4ED5-BD4B-E853AAED6B13}"
EndProject
Global
	GlobalSection(SolutionConfigurationPlatforms) = preSolution
		Debug|Any CPU = Debug|Any CPU
		Release|Any CPU = Release|Any CPU
	EndGlobalSection
	GlobalSection(ProjectConfigurationPlatforms) = postSolution
		{12FECE75-F3E5-4770-BE21-3B7EB4D6A6D0}.Debug|Any CPU.ActiveCfg = Debug|Any CPU
		{12FECE75-F3E5-4770-BE21-3B7EB4D6A6D0}.Debug|Any CPU.Build.0 = Debug|Any CPU
		{12FECE75-F3E5-4770-BE21-3B7EB4D6A6D0}.Release|Any CPU.ActiveCfg = Release|Any CPU
		{12FECE75-F3E5-4770-BE21-3B7EB4D6A6D0}.Release|Any CPU.Build.0 = Release|Any CPU
		{28C6FD1A-5C36-4E23-BAED-831DA8B8EA8B}.Debug|Any CPU.ActiveCfg = Debug|Any CPU
		{28C6FD1A-5C36-4E23-BAED-831DA8B8EA8B}.Debug|Any CPU.Build.0 = Debug|Any CPU
		{28C6FD1A-5C36-4E23-BAED-831DA8B8EA8B}.Release|Any CPU.ActiveCfg = Release|Any CPU
		{28C6FD1A-5C36-4E23-BAED-831DA8B8EA8B}.Release|Any CPU.Build.0 = Release|Any CPU
		{6DE29C91-1FDD-49B8-863E-9AE37B7511FC}.Debug|Any CPU.ActiveCfg = Debug|Any CPU
		{6DE29C91-1FDD-49B8-863E-9AE37B7511FC}.Debug|Any CPU.Build.0 = Debug|Any CPU
		{6DE29C91-1FDD-49B8-863E-9AE37B7511FC}.Release|Any CPU.ActiveCfg = Release|Any CPU
		{6DE29C91-1FDD-49B8-863E-9AE37B7511FC}.Release|Any CPU.Build.0 = Release|Any CPU
		{84D2BD27-FE8B-4ED5-BD4B-E853AAED6B13}.Debug|Any CPU.ActiveCfg = Debug|Any CPU
		{84D2BD27-FE8B-4ED5-BD4B-E853AAED6B13}.Debug|Any CPU.Build.0 = Debug|Any CPU
		{84D2BD27-FE8B-4ED5-BD4B-E853AAED6B13}.Release|Any CPU.ActiveCfg = Release|Any CPU
		{84D2BD27-FE8B-4ED5-BD4B-E853AAED6B13}.Release|Any CPU.Build.0 = Release|Any CPU
	EndGlobalSection
	GlobalSection(SolutionProperties) = preSolution
		HideSolutionNode = FALSE
	EndGlobalSection
	GlobalSection(ExtensibilityGlobals) = postSolution
		SolutionGuid = {80DAFA54-32C6-44C5-AF1C-74A67EF896FB}
	EndGlobalSection
EndGlobal
